// !$*UTF8*$!
{
	archiveVersion = 1;
	classes = {
	};
	objectVersion = 50;
	objects = {

/* Begin PBXBuildFile section */
		B233702B242F8DD400025354 /* UIViewController+Alert.swift in Sources */ = {isa = PBXBuildFile; fileRef = B233702A242F8DD400025354 /* UIViewController+Alert.swift */; };
		B233702D242F90C400025354 /* InputField.swift in Sources */ = {isa = PBXBuildFile; fileRef = B233702C242F90C400025354 /* InputField.swift */; };
		B233703F242F9FE500025354 /* ViewController.swift in Sources */ = {isa = PBXBuildFile; fileRef = B233703E242F9FE500025354 /* ViewController.swift */; };
		B2337043242FA2C000025354 /* ModuleFactory.swift in Sources */ = {isa = PBXBuildFile; fileRef = B2337042242FA2C000025354 /* ModuleFactory.swift */; };
		B24303272429EAFD004D2F8D /* LoginViewController.swift in Sources */ = {isa = PBXBuildFile; fileRef = B24303262429EAFD004D2F8D /* LoginViewController.swift */; };
		B24A7A6C2429E182003F39EA /* AppDelegate.swift in Sources */ = {isa = PBXBuildFile; fileRef = B24A7A6B2429E182003F39EA /* AppDelegate.swift */; };
		B24A7A6E2429E182003F39EA /* SceneDelegate.swift in Sources */ = {isa = PBXBuildFile; fileRef = B24A7A6D2429E182003F39EA /* SceneDelegate.swift */; };
		B24A7A732429E182003F39EA /* Main.storyboard in Resources */ = {isa = PBXBuildFile; fileRef = B24A7A712429E182003F39EA /* Main.storyboard */; };
		B24A7A752429E188003F39EA /* Assets.xcassets in Resources */ = {isa = PBXBuildFile; fileRef = B24A7A742429E188003F39EA /* Assets.xcassets */; };
		B24A7A782429E188003F39EA /* LaunchScreen.storyboard in Resources */ = {isa = PBXBuildFile; fileRef = B24A7A762429E188003F39EA /* LaunchScreen.storyboard */; };
		B2D3434D242D02DE00B0834B /* AccountViewController.swift in Sources */ = {isa = PBXBuildFile; fileRef = B2D3434C242D02DE00B0834B /* AccountViewController.swift */; };
		B2E1C798242E3A6C00241DCE /* UIView+Autolayout.swift in Sources */ = {isa = PBXBuildFile; fileRef = B2E1C797242E3A6C00241DCE /* UIView+Autolayout.swift */; };
		B2E1C79A242E3FCD00241DCE /* AvatarImageView.swift in Sources */ = {isa = PBXBuildFile; fileRef = B2E1C799242E3FCD00241DCE /* AvatarImageView.swift */; };
		B2E1C79F242F548600241DCE /* TextField.swift in Sources */ = {isa = PBXBuildFile; fileRef = B2E1C79E242F548600241DCE /* TextField.swift */; };
		B2E1C7A1242F54A200241DCE /* Validators.swift in Sources */ = {isa = PBXBuildFile; fileRef = B2E1C7A0242F54A200241DCE /* Validators.swift */; };
		B2E1C7A3242F54B400241DCE /* KeyPathBuildable.swift in Sources */ = {isa = PBXBuildFile; fileRef = B2E1C7A2242F54B400241DCE /* KeyPathBuildable.swift */; };
		B2E1C7A9242F656D00241DCE /* UIButton+Title.swift in Sources */ = {isa = PBXBuildFile; fileRef = B2E1C7A8242F656D00241DCE /* UIButton+Title.swift */; };
		B2E1C7AB242F659500241DCE /* UITextField+horizontalContentHuggingPriority.swift in Sources */ = {isa = PBXBuildFile; fileRef = B2E1C7AA242F659500241DCE /* UITextField+horizontalContentHuggingPriority.swift */; };
		B2E1C7AD242F65AA00241DCE /* PickerView.swift in Sources */ = {isa = PBXBuildFile; fileRef = B2E1C7AC242F65AA00241DCE /* PickerView.swift */; };
/* End PBXBuildFile section */

/* Begin PBXFileReference section */
		B233702A242F8DD400025354 /* UIViewController+Alert.swift */ = {isa = PBXFileReference; lastKnownFileType = sourcecode.swift; path = "UIViewController+Alert.swift"; sourceTree = "<group>"; };
		B233702C242F90C400025354 /* InputField.swift */ = {isa = PBXFileReference; lastKnownFileType = sourcecode.swift; path = InputField.swift; sourceTree = "<group>"; };
		B233703E242F9FE500025354 /* ViewController.swift */ = {isa = PBXFileReference; lastKnownFileType = sourcecode.swift; path = ViewController.swift; sourceTree = "<group>"; };
		B2337042242FA2C000025354 /* ModuleFactory.swift */ = {isa = PBXFileReference; lastKnownFileType = sourcecode.swift; path = ModuleFactory.swift; sourceTree = "<group>"; };
		B24303262429EAFD004D2F8D /* LoginViewController.swift */ = {isa = PBXFileReference; lastKnownFileType = sourcecode.swift; path = LoginViewController.swift; sourceTree = "<group>"; };
		B24A7A682429E182003F39EA /* demo.app */ = {isa = PBXFileReference; explicitFileType = wrapper.application; includeInIndex = 0; path = demo.app; sourceTree = BUILT_PRODUCTS_DIR; };
		B24A7A6B2429E182003F39EA /* AppDelegate.swift */ = {isa = PBXFileReference; lastKnownFileType = sourcecode.swift; path = AppDelegate.swift; sourceTree = "<group>"; };
		B24A7A6D2429E182003F39EA /* SceneDelegate.swift */ = {isa = PBXFileReference; lastKnownFileType = sourcecode.swift; path = SceneDelegate.swift; sourceTree = "<group>"; };
		B24A7A722429E182003F39EA /* Base */ = {isa = PBXFileReference; lastKnownFileType = file.storyboard; name = Base; path = Base.lproj/Main.storyboard; sourceTree = "<group>"; };
		B24A7A742429E188003F39EA /* Assets.xcassets */ = {isa = PBXFileReference; lastKnownFileType = folder.assetcatalog; path = Assets.xcassets; sourceTree = "<group>"; };
		B24A7A772429E188003F39EA /* Base */ = {isa = PBXFileReference; lastKnownFileType = file.storyboard; name = Base; path = Base.lproj/LaunchScreen.storyboard; sourceTree = "<group>"; };
		B24A7A792429E188003F39EA /* Info.plist */ = {isa = PBXFileReference; lastKnownFileType = text.plist.xml; path = Info.plist; sourceTree = "<group>"; };
		B2D3434C242D02DE00B0834B /* AccountViewController.swift */ = {isa = PBXFileReference; lastKnownFileType = sourcecode.swift; path = AccountViewController.swift; sourceTree = "<group>"; };
		B2E1C797242E3A6C00241DCE /* UIView+Autolayout.swift */ = {isa = PBXFileReference; lastKnownFileType = sourcecode.swift; path = "UIView+Autolayout.swift"; sourceTree = "<group>"; };
		B2E1C799242E3FCD00241DCE /* AvatarImageView.swift */ = {isa = PBXFileReference; lastKnownFileType = sourcecode.swift; path = AvatarImageView.swift; sourceTree = "<group>"; };
		B2E1C79E242F548600241DCE /* TextField.swift */ = {isa = PBXFileReference; lastKnownFileType = sourcecode.swift; path = TextField.swift; sourceTree = "<group>"; };
		B2E1C7A0242F54A200241DCE /* Validators.swift */ = {isa = PBXFileReference; lastKnownFileType = sourcecode.swift; path = Validators.swift; sourceTree = "<group>"; };
		B2E1C7A2242F54B400241DCE /* KeyPathBuildable.swift */ = {isa = PBXFileReference; lastKnownFileType = sourcecode.swift; path = KeyPathBuildable.swift; sourceTree = "<group>"; };
		B2E1C7A8242F656D00241DCE /* UIButton+Title.swift */ = {isa = PBXFileReference; lastKnownFileType = sourcecode.swift; path = "UIButton+Title.swift"; sourceTree = "<group>"; };
		B2E1C7AA242F659500241DCE /* UITextField+horizontalContentHuggingPriority.swift */ = {isa = PBXFileReference; lastKnownFileType = sourcecode.swift; path = "UITextField+horizontalContentHuggingPriority.swift"; sourceTree = "<group>"; };
		B2E1C7AC242F65AA00241DCE /* PickerView.swift */ = {isa = PBXFileReference; lastKnownFileType = sourcecode.swift; path = PickerView.swift; sourceTree = "<group>"; };
/* End PBXFileReference section */

/* Begin PBXFrameworksBuildPhase section */
		B24A7A652429E182003F39EA /* Frameworks */ = {
			isa = PBXFrameworksBuildPhase;
			buildActionMask = 2147483647;
			files = (
			);
			runOnlyForDeploymentPostprocessing = 0;
		};
/* End PBXFrameworksBuildPhase section */

/* Begin PBXGroup section */
		B21ABA24242BF4EC00C6CFF5 /* Common */ = {
			isa = PBXGroup;
			children = (
				B2E1C796242E3A6400241DCE /* UIKit */,
			);
			path = Common;
			sourceTree = "<group>";
		};
		B21ABA2E242C000800C6CFF5 /* Modules */ = {
			isa = PBXGroup;
			children = (
				B2D3434B242D02D500B0834B /* Account */,
				B21ABA2F242C001000C6CFF5 /* Login */,
			);
			path = Modules;
			sourceTree = "<group>";
		};
		B21ABA2F242C001000C6CFF5 /* Login */ = {
			isa = PBXGroup;
			children = (
				B24303262429EAFD004D2F8D /* LoginViewController.swift */,
			);
			path = Login;
			sourceTree = "<group>";
		};
		B24303222429E418004D2F8D /* Resources */ = {
			isa = PBXGroup;
			children = (
				B24A7A762429E188003F39EA /* LaunchScreen.storyboard */,
				B24A7A712429E182003F39EA /* Main.storyboard */,
				B24A7A742429E188003F39EA /* Assets.xcassets */,
			);
			path = Resources;
			sourceTree = "<group>";
		};
		B24A7A5F2429E182003F39EA = {
			isa = PBXGroup;
			children = (
				B24A7A6A2429E182003F39EA /* demo */,
				B24A7A692429E182003F39EA /* Products */,
				CCB2B7785D4A2AC6090AD385 /* Pods */,
			);
			sourceTree = "<group>";
		};
		B24A7A692429E182003F39EA /* Products */ = {
			isa = PBXGroup;
			children = (
				B24A7A682429E182003F39EA /* demo.app */,
			);
			name = Products;
			sourceTree = "<group>";
		};
		B24A7A6A2429E182003F39EA /* demo */ = {
			isa = PBXGroup;
			children = (
				B2E1C790242E296300241DCE /* Logic */,
				B21ABA2E242C000800C6CFF5 /* Modules */,
				B21ABA24242BF4EC00C6CFF5 /* Common */,
				B24303222429E418004D2F8D /* Resources */,
				B24A7A6B2429E182003F39EA /* AppDelegate.swift */,
				B24A7A6D2429E182003F39EA /* SceneDelegate.swift */,
				B24A7A792429E188003F39EA /* Info.plist */,
			);
			path = demo;
			sourceTree = "<group>";
		};
		B2D3434B242D02D500B0834B /* Account */ = {
			isa = PBXGroup;
			children = (
				B2D3434C242D02DE00B0834B /* AccountViewController.swift */,
			);
			path = Account;
			sourceTree = "<group>";
		};
		B2E1C790242E296300241DCE /* Logic */ = {
			isa = PBXGroup;
			children = (
				B2337042242FA2C000025354 /* ModuleFactory.swift */,
			);
			path = Logic;
			sourceTree = "<group>";
		};
		B2E1C796242E3A6400241DCE /* UIKit */ = {
			isa = PBXGroup;
			children = (
				B2E1C799242E3FCD00241DCE /* AvatarImageView.swift */,
				B2E1C797242E3A6C00241DCE /* UIView+Autolayout.swift */,
				B2E1C79E242F548600241DCE /* TextField.swift */,
				B2E1C7A0242F54A200241DCE /* Validators.swift */,
				B2E1C7A2242F54B400241DCE /* KeyPathBuildable.swift */,
				B2E1C7A8242F656D00241DCE /* UIButton+Title.swift */,
				B2E1C7AA242F659500241DCE /* UITextField+horizontalContentHuggingPriority.swift */,
				B2E1C7AC242F65AA00241DCE /* PickerView.swift */,
				B233702A242F8DD400025354 /* UIViewController+Alert.swift */,
				B233702C242F90C400025354 /* InputField.swift */,
				B233703E242F9FE500025354 /* ViewController.swift */,
			);
			path = UIKit;
			sourceTree = "<group>";
		};
		CCB2B7785D4A2AC6090AD385 /* Pods */ = {
			isa = PBXGroup;
			children = (
			);
			path = Pods;
			sourceTree = "<group>";
		};
/* End PBXGroup section */

/* Begin PBXNativeTarget section */
		B24A7A672429E182003F39EA /* demo */ = {
			isa = PBXNativeTarget;
			buildConfigurationList = B24A7A872429E189003F39EA /* Build configuration list for PBXNativeTarget "demo" */;
			buildPhases = (
				B24A7A642429E182003F39EA /* Sources */,
				B24A7A652429E182003F39EA /* Frameworks */,
				B24A7A662429E182003F39EA /* Resources */,
			);
			buildRules = (
			);
			dependencies = (
			);
			name = demo;
			productName = demo;
			productReference = B24A7A682429E182003F39EA /* demo.app */;
			productType = "com.apple.product-type.application";
		};
/* End PBXNativeTarget section */

/* Begin PBXProject section */
		B24A7A602429E182003F39EA /* Project object */ = {
			isa = PBXProject;
			attributes = {
				LastSwiftUpdateCheck = 1130;
				LastUpgradeCheck = 1130;
				ORGANIZATIONNAME = "Grzegorz Przybyła";
				TargetAttributes = {
					B24A7A672429E182003F39EA = {
						CreatedOnToolsVersion = 11.3;
					};
				};
			};
			buildConfigurationList = B24A7A632429E182003F39EA /* Build configuration list for PBXProject "demo" */;
			compatibilityVersion = "Xcode 9.3";
			developmentRegion = en;
			hasScannedForEncodings = 0;
			knownRegions = (
				en,
				Base,
			);
			mainGroup = B24A7A5F2429E182003F39EA;
			productRefGroup = B24A7A692429E182003F39EA /* Products */;
			projectDirPath = "";
			projectRoot = "";
			targets = (
				B24A7A672429E182003F39EA /* demo */,
			);
		};
/* End PBXProject section */

/* Begin PBXResourcesBuildPhase section */
		B24A7A662429E182003F39EA /* Resources */ = {
			isa = PBXResourcesBuildPhase;
			buildActionMask = 2147483647;
			files = (
				B24A7A782429E188003F39EA /* LaunchScreen.storyboard in Resources */,
				B24A7A752429E188003F39EA /* Assets.xcassets in Resources */,
				B24A7A732429E182003F39EA /* Main.storyboard in Resources */,
			);
			runOnlyForDeploymentPostprocessing = 0;
		};
/* End PBXResourcesBuildPhase section */

/* Begin PBXSourcesBuildPhase section */
		B24A7A642429E182003F39EA /* Sources */ = {
			isa = PBXSourcesBuildPhase;
			buildActionMask = 2147483647;
			files = (
				B2E1C798242E3A6C00241DCE /* UIView+Autolayout.swift in Sources */,
				B2E1C7A3242F54B400241DCE /* KeyPathBuildable.swift in Sources */,
				B24303272429EAFD004D2F8D /* LoginViewController.swift in Sources */,
				B2E1C7AB242F659500241DCE /* UITextField+horizontalContentHuggingPriority.swift in Sources */,
				B2E1C79F242F548600241DCE /* TextField.swift in Sources */,
				B233703F242F9FE500025354 /* ViewController.swift in Sources */,
				B2E1C7A1242F54A200241DCE /* Validators.swift in Sources */,
				B2E1C7A9242F656D00241DCE /* UIButton+Title.swift in Sources */,
				B233702B242F8DD400025354 /* UIViewController+Alert.swift in Sources */,
				B2E1C7AD242F65AA00241DCE /* PickerView.swift in Sources */,
				B2E1C79A242E3FCD00241DCE /* AvatarImageView.swift in Sources */,
				B24A7A6C2429E182003F39EA /* AppDelegate.swift in Sources */,
				B233702D242F90C400025354 /* InputField.swift in Sources */,
				B2337043242FA2C000025354 /* ModuleFactory.swift in Sources */,
				B2D3434D242D02DE00B0834B /* AccountViewController.swift in Sources */,
				B24A7A6E2429E182003F39EA /* SceneDelegate.swift in Sources */,
			);
			runOnlyForDeploymentPostprocessing = 0;
		};
/* End PBXSourcesBuildPhase section */

/* Begin PBXVariantGroup section */
		B24A7A712429E182003F39EA /* Main.storyboard */ = {
			isa = PBXVariantGroup;
			children = (
				B24A7A722429E182003F39EA /* Base */,
			);
			name = Main.storyboard;
			sourceTree = "<group>";
		};
		B24A7A762429E188003F39EA /* LaunchScreen.storyboard */ = {
			isa = PBXVariantGroup;
			children = (
				B24A7A772429E188003F39EA /* Base */,
			);
			name = LaunchScreen.storyboard;
			sourceTree = "<group>";
		};
/* End PBXVariantGroup section */

/* Begin XCBuildConfiguration section */
		B24A7A852429E189003F39EA /* Debug */ = {
			isa = XCBuildConfiguration;
			buildSettings = {
				ALWAYS_SEARCH_USER_PATHS = NO;
				CLANG_ANALYZER_NONNULL = YES;
				CLANG_ANALYZER_NUMBER_OBJECT_CONVERSION = YES_AGGRESSIVE;
				CLANG_CXX_LANGUAGE_STANDARD = "gnu++14";
				CLANG_CXX_LIBRARY = "libc++";
				CLANG_ENABLE_MODULES = YES;
				CLANG_ENABLE_OBJC_ARC = YES;
				CLANG_ENABLE_OBJC_WEAK = YES;
				CLANG_WARN_BLOCK_CAPTURE_AUTORELEASING = YES;
				CLANG_WARN_BOOL_CONVERSION = YES;
				CLANG_WARN_COMMA = YES;
				CLANG_WARN_CONSTANT_CONVERSION = YES;
				CLANG_WARN_DEPRECATED_OBJC_IMPLEMENTATIONS = YES;
				CLANG_WARN_DIRECT_OBJC_ISA_USAGE = YES_ERROR;
				CLANG_WARN_DOCUMENTATION_COMMENTS = YES;
				CLANG_WARN_EMPTY_BODY = YES;
				CLANG_WARN_ENUM_CONVERSION = YES;
				CLANG_WARN_INFINITE_RECURSION = YES;
				CLANG_WARN_INT_CONVERSION = YES;
				CLANG_WARN_NON_LITERAL_NULL_CONVERSION = YES;
				CLANG_WARN_OBJC_IMPLICIT_RETAIN_SELF = YES;
				CLANG_WARN_OBJC_LITERAL_CONVERSION = YES;
				CLANG_WARN_OBJC_ROOT_CLASS = YES_ERROR;
				CLANG_WARN_RANGE_LOOP_ANALYSIS = YES;
				CLANG_WARN_STRICT_PROTOTYPES = YES;
				CLANG_WARN_SUSPICIOUS_MOVE = YES;
				CLANG_WARN_UNGUARDED_AVAILABILITY = YES_AGGRESSIVE;
				CLANG_WARN_UNREACHABLE_CODE = YES;
				CLANG_WARN__DUPLICATE_METHOD_MATCH = YES;
				COPY_PHASE_STRIP = NO;
				DEBUG_INFORMATION_FORMAT = dwarf;
				ENABLE_STRICT_OBJC_MSGSEND = YES;
				ENABLE_TESTABILITY = YES;
				GCC_C_LANGUAGE_STANDARD = gnu11;
				GCC_DYNAMIC_NO_PIC = NO;
				GCC_NO_COMMON_BLOCKS = YES;
				GCC_OPTIMIZATION_LEVEL = 0;
				GCC_PREPROCESSOR_DEFINITIONS = (
					"DEBUG=1",
					"$(inherited)",
				);
				GCC_WARN_64_TO_32_BIT_CONVERSION = YES;
				GCC_WARN_ABOUT_RETURN_TYPE = YES_ERROR;
				GCC_WARN_UNDECLARED_SELECTOR = YES;
				GCC_WARN_UNINITIALIZED_AUTOS = YES_AGGRESSIVE;
				GCC_WARN_UNUSED_FUNCTION = YES;
				GCC_WARN_UNUSED_VARIABLE = YES;
				IPHONEOS_DEPLOYMENT_TARGET = 13.2;
				MTL_ENABLE_DEBUG_INFO = INCLUDE_SOURCE;
				MTL_FAST_MATH = YES;
				ONLY_ACTIVE_ARCH = YES;
				SDKROOT = iphoneos;
				SWIFT_ACTIVE_COMPILATION_CONDITIONS = DEBUG;
				SWIFT_OPTIMIZATION_LEVEL = "-Onone";
			};
			name = Debug;
		};
		B24A7A862429E189003F39EA /* Release */ = {
			isa = XCBuildConfiguration;
			buildSettings = {
				ALWAYS_SEARCH_USER_PATHS = NO;
				CLANG_ANALYZER_NONNULL = YES;
				CLANG_ANALYZER_NUMBER_OBJECT_CONVERSION = YES_AGGRESSIVE;
				CLANG_CXX_LANGUAGE_STANDARD = "gnu++14";
				CLANG_CXX_LIBRARY = "libc++";
				CLANG_ENABLE_MODULES = YES;
				CLANG_ENABLE_OBJC_ARC = YES;
				CLANG_ENABLE_OBJC_WEAK = YES;
				CLANG_WARN_BLOCK_CAPTURE_AUTORELEASING = YES;
				CLANG_WARN_BOOL_CONVERSION = YES;
				CLANG_WARN_COMMA = YES;
				CLANG_WARN_CONSTANT_CONVERSION = YES;
				CLANG_WARN_DEPRECATED_OBJC_IMPLEMENTATIONS = YES;
				CLANG_WARN_DIRECT_OBJC_ISA_USAGE = YES_ERROR;
				CLANG_WARN_DOCUMENTATION_COMMENTS = YES;
				CLANG_WARN_EMPTY_BODY = YES;
				CLANG_WARN_ENUM_CONVERSION = YES;
				CLANG_WARN_INFINITE_RECURSION = YES;
				CLANG_WARN_INT_CONVERSION = YES;
				CLANG_WARN_NON_LITERAL_NULL_CONVERSION = YES;
				CLANG_WARN_OBJC_IMPLICIT_RETAIN_SELF = YES;
				CLANG_WARN_OBJC_LITERAL_CONVERSION = YES;
				CLANG_WARN_OBJC_ROOT_CLASS = YES_ERROR;
				CLANG_WARN_RANGE_LOOP_ANALYSIS = YES;
				CLANG_WARN_STRICT_PROTOTYPES = YES;
				CLANG_WARN_SUSPICIOUS_MOVE = YES;
				CLANG_WARN_UNGUARDED_AVAILABILITY = YES_AGGRESSIVE;
				CLANG_WARN_UNREACHABLE_CODE = YES;
				CLANG_WARN__DUPLICATE_METHOD_MATCH = YES;
				COPY_PHASE_STRIP = NO;
				DEBUG_INFORMATION_FORMAT = "dwarf-with-dsym";
				ENABLE_NS_ASSERTIONS = NO;
				ENABLE_STRICT_OBJC_MSGSEND = YES;
				GCC_C_LANGUAGE_STANDARD = gnu11;
				GCC_NO_COMMON_BLOCKS = YES;
				GCC_WARN_64_TO_32_BIT_CONVERSION = YES;
				GCC_WARN_ABOUT_RETURN_TYPE = YES_ERROR;
				GCC_WARN_UNDECLARED_SELECTOR = YES;
				GCC_WARN_UNINITIALIZED_AUTOS = YES_AGGRESSIVE;
				GCC_WARN_UNUSED_FUNCTION = YES;
				GCC_WARN_UNUSED_VARIABLE = YES;
				IPHONEOS_DEPLOYMENT_TARGET = 13.2;
				MTL_ENABLE_DEBUG_INFO = NO;
				MTL_FAST_MATH = YES;
				SDKROOT = iphoneos;
				SWIFT_COMPILATION_MODE = wholemodule;
				SWIFT_OPTIMIZATION_LEVEL = "-O";
				VALIDATE_PRODUCT = YES;
			};
			name = Release;
		};
		B24A7A882429E189003F39EA /* Debug */ = {
			isa = XCBuildConfiguration;
			buildSettings = {
				ASSETCATALOG_COMPILER_APPICON_NAME = AppIcon;
				CODE_SIGN_STYLE = Automatic;
				DEVELOPMENT_TEAM = 66K4T9EQN8;
				INFOPLIST_FILE = "$(SRCROOT)/demo/Info.plist";
				IPHONEOS_DEPLOYMENT_TARGET = 13.0;
				LD_RUNPATH_SEARCH_PATHS = (
					"$(inherited)",
					"@executable_path/Frameworks",
				);
				PRODUCT_BUNDLE_IDENTIFIER = com.silvair.demo;
				PRODUCT_NAME = demo;
				SWIFT_VERSION = 5.0;
				TARGETED_DEVICE_FAMILY = "1,2";
			};
			name = Debug;
		};
		B24A7A892429E189003F39EA /* Release */ = {
			isa = XCBuildConfiguration;
			buildSettings = {
				ASSETCATALOG_COMPILER_APPICON_NAME = AppIcon;
				CODE_SIGN_STYLE = Automatic;
				DEVELOPMENT_TEAM = 66K4T9EQN8;
				INFOPLIST_FILE = "$(SRCROOT)/demo/Info.plist";
				IPHONEOS_DEPLOYMENT_TARGET = 13.0;
				LD_RUNPATH_SEARCH_PATHS = (
					"$(inherited)",
					"@executable_path/Frameworks",
				);
				PRODUCT_BUNDLE_IDENTIFIER = com.silvair.demo;
				PRODUCT_NAME = demo;
				SWIFT_VERSION = 5.0;
				TARGETED_DEVICE_FAMILY = "1,2";
			};
			name = Release;
		};
/* End XCBuildConfiguration section */

/* Begin XCConfigurationList section */
		B24A7A632429E182003F39EA /* Build configuration list for PBXProject "demo" */ = {
			isa = XCConfigurationList;
			buildConfigurations = (
				B24A7A852429E189003F39EA /* Debug */,
				B24A7A862429E189003F39EA /* Release */,
			);
			defaultConfigurationIsVisible = 0;
			defaultConfigurationName = Release;
		};
		B24A7A872429E189003F39EA /* Build configuration list for PBXNativeTarget "demo" */ = {
			isa = XCConfigurationList;
			buildConfigurations = (
				B24A7A882429E189003F39EA /* Debug */,
				B24A7A892429E189003F39EA /* Release */,
			);
			defaultConfigurationIsVisible = 0;
			defaultConfigurationName = Release;
		};
/* End XCConfigurationList section */
	};
	rootObject = B24A7A602429E182003F39EA /* Project object */;
}
